
Microsoft Visual Studio Solution File, Format Version 12.00
# Visual Studio Version 17
VisualStudioVersion = 17.11.35219.272
MinimumVisualStudioVersion = 10.0.40219.1
Project("{9A19103F-16F7-4668-BE54-9A1E7A4F7556}") = "OnlineLearningPlatform.App", "OnlineLearningPlatform\OnlineLearningPlatform.App.csproj", "{983FD50B-9568-4C13-AC3D-D24EC9DF6D82}"
EndProject
Project("{9A19103F-16F7-4668-BE54-9A1E7A4F7556}") = "OnlineLearningPlatform.Entities", "OnlineLearningPlatform.Entities\OnlineLearningPlatform.Entities.csproj", "{EA87045B-63FB-45C3-B07E-0EE049730DEC}"
EndProject
Global
	GlobalSection(SolutionConfigurationPlatforms) = preSolution
		Debug|Any CPU = Debug|Any CPU
		Release|Any CPU = Release|Any CPU
	EndGlobalSection
	GlobalSection(ProjectConfigurationPlatforms) = postSolution
		{983FD50B-9568-4C13-AC3D-D24EC9DF6D82}.Debug|Any CPU.ActiveCfg = Debug|Any CPU
		{983FD50B-9568-4C13-AC3D-D24EC9DF6D82}.Debug|Any CPU.Build.0 = Debug|Any CPU
		{983FD50B-9568-4C13-AC3D-D24EC9DF6D82}.Release|Any CPU.ActiveCfg = Release|Any CPU
		{983FD50B-9568-4C13-AC3D-D24EC9DF6D82}.Release|Any CPU.Build.0 = Release|Any CPU
		{EA87045B-63FB-45C3-B07E-0EE049730DEC}.Debug|Any CPU.ActiveCfg = Debug|Any CPU
		{EA87045B-63FB-45C3-B07E-0EE049730DEC}.Debug|Any CPU.Build.0 = Debug|Any CPU
		{EA87045B-63FB-45C3-B07E-0EE049730DEC}.Release|Any CPU.ActiveCfg = Release|Any CPU
		{EA87045B-63FB-45C3-B07E-0EE049730DEC}.Release|Any CPU.Build.0 = Release|Any CPU
	EndGlobalSection
	GlobalSection(SolutionProperties) = preSolution
		HideSolutionNode = FALSE
	EndGlobalSection
	GlobalSection(ExtensibilityGlobals) = postSolution
		SolutionGuid = {BF777190-6F63-4A45-9D42-606AA01E6C17}
	EndGlobalSection
EndGlobal
